
Microsoft Visual Studio Solution File, Format Version 12.00
# Visual Studio 15
VisualStudioVersion = 15.0.26730.16
MinimumVisualStudioVersion = 10.0.40219.1
Project("{FAE04EC0-301F-11D3-BF4B-00C04F79EFBC}") = "IntelligentComuting1", "IntelligentComuting1\IntelligentComuting1.csproj", "{0F1CC68D-6CE4-4C7A-B2B0-0EA24E600AC5}"
EndProject
Global
	GlobalSection(SolutionConfigurationPlatforms) = preSolution
		Debug|Any CPU = Debug|Any CPU
		Release|Any CPU = Release|Any CPU
	EndGlobalSection
	GlobalSection(ProjectConfigurationPlatforms) = postSolution
		{0F1CC68D-6CE4-4C7A-B2B0-0EA24E600AC5}.Debug|Any CPU.ActiveCfg = Debug|Any CPU
		{0F1CC68D-6CE4-4C7A-B2B0-0EA24E600AC5}.Debug|Any CPU.Build.0 = Debug|Any CPU
		{0F1CC68D-6CE4-4C7A-B2B0-0EA24E600AC5}.Release|Any CPU.ActiveCfg = Release|Any CPU
		{0F1CC68D-6CE4-4C7A-B2B0-0EA24E600AC5}.Release|Any CPU.Build.0 = Release|Any CPU
	EndGlobalSection
	GlobalSection(SolutionProperties) = preSolution
		HideSolutionNode = FALSE
	EndGlobalSection
	GlobalSection(ExtensibilityGlobals) = postSolution
		SolutionGuid = {CB760973-DF29-45EC-8CF7-866A38431BBD}
	EndGlobalSection
EndGlobal
